PODS:
  - Bolts/Tasks (1.3.0)
  - Parse (1.8.5):
    - Bolts/Tasks (>= 1.2.2)
  - Spring (1.0.3)

DEPENDENCIES:
  - Parse
  - Spring (from `https://github.com/MengTo/Spring.git`, branch `swift2`)

EXTERNAL SOURCES:
  Spring:
    :branch: swift2
    :git: https://github.com/MengTo/Spring.git

CHECKOUT OPTIONS:
  Spring:
    :commit: 18d5c7b74489de8044e34767f856d1e574f0820e
    :git: https://github.com/MengTo/Spring.git

SPEC CHECKSUMS:
  Bolts: 805a4a87413e49d4a0c2b7d469084cbc46b09342
  Parse: 17ad8e0677ed682f7f00503860fcda0f4eb74168
  Spring: 3f02b5dc3308572ef177b3cad0fa7bbc4b0706f7

COCOAPODS: 0.39.0.beta.4
