// !$*UTF8*$!
{
	archiveVersion = 1;
	classes = {
	};
	objectVersion = 46;
	objects = {

/* Begin PBXBuildFile section */
		3678FF0B19BC4E780097389D /* AppDelegate.swift in Sources */ = {isa = PBXBuildFile; fileRef = 3678FF0A19BC4E780097389D /* AppDelegate.swift */; };
		3678FF1219BC4E780097389D /* Images.xcassets in Resources */ = {isa = PBXBuildFile; fileRef = 3678FF1119BC4E780097389D /* Images.xcassets */; };
		3678FF1E19BC4E790097389D /* i_deTests.swift in Sources */ = {isa = PBXBuildFile; fileRef = 3678FF1D19BC4E790097389D /* i_deTests.swift */; };
		3678FF2C19BC4F2C0097389D /* Parametre.swift in Sources */ = {isa = PBXBuildFile; fileRef = 3678FF2B19BC4F2C0097389D /* Parametre.swift */; };
		AD01A5041A93CA330025CECD /* CouleurDeController.swift in Sources */ = {isa = PBXBuildFile; fileRef = AD01A5031A93CA330025CECD /* CouleurDeController.swift */; };
		AD02BAF61A10F4BE003FB741 /* MesDonnes.swift in Sources */ = {isa = PBXBuildFile; fileRef = AD02BAF51A10F4BE003FB741 /* MesDonnes.swift */; };
		AD19E5341AA3512700523DBB /* Localizable.strings in Resources */ = {isa = PBXBuildFile; fileRef = AD19E5361AA3512700523DBB /* Localizable.strings */; };
		AD25D5E11A9390FD00977003 /* RYAnimation.swift in Sources */ = {isa = PBXBuildFile; fileRef = AD25D5E01A9390FD00977003 /* RYAnimation.swift */; };
		AD3A48701A98ED1C0022E52A /* AdSupport.framework in Frameworks */ = {isa = PBXBuildFile; fileRef = AD3A486E1A98ED1C0022E52A /* AdSupport.framework */; };
		AD3A48711A98ED1C0022E52A /* iAd.framework in Frameworks */ = {isa = PBXBuildFile; fileRef = AD3A486F1A98ED1C0022E52A /* iAd.framework */; };
		AD3A48751A99047F0022E52A /* StoreKit.framework in Frameworks */ = {isa = PBXBuildFile; fileRef = AD3A48741A99047F0022E52A /* StoreKit.framework */; };
		AD6C8F7619FE869C004711EE /* ParametreSecouer.swift in Sources */ = {isa = PBXBuildFile; fileRef = AD6C8F7519FE869C004711EE /* ParametreSecouer.swift */; };
		AD75F8AC1A9B9A84000A8B98 /* Main.storyboard in Resources */ = {isa = PBXBuildFile; fileRef = AD75F8AA1A9B9A84000A8B98 /* Main.storyboard */; };
		AD781A5D1AEA6E13008AF250 /* InterfaceController.swift in Sources */ = {isa = PBXBuildFile; fileRef = AD781A5C1AEA6E13008AF250 /* InterfaceController.swift */; };
		AD781A5F1AEA6E13008AF250 /* Images.xcassets in Resources */ = {isa = PBXBuildFile; fileRef = AD781A5E1AEA6E13008AF250 /* Images.xcassets */; };
		AD781A631AEA6E14008AF250 /* i-de WatchKit App.app in Resources */ = {isa = PBXBuildFile; fileRef = AD781A621AEA6E14008AF250 /* i-de WatchKit App.app */; };
		AD781A6B1AEA6E14008AF250 /* Interface.storyboard in Resources */ = {isa = PBXBuildFile; fileRef = AD781A691AEA6E14008AF250 /* Interface.storyboard */; };
		AD781A701AEA6E14008AF250 /* i-de WatchKit Extension.appex in Embed App Extensions */ = {isa = PBXBuildFile; fileRef = AD781A581AEA6E13008AF250 /* i-de WatchKit Extension.appex */; settings = {ATTRIBUTES = (RemoveHeadersOnCopy, ); }; };
		AD8555C71AEAB3C7009DDB7E /* Images.xcassets in Resources */ = {isa = PBXBuildFile; fileRef = AD8555C61AEAB3C7009DDB7E /* Images.xcassets */; };
		AD8CBCD41AFF9A270046E501 /* libsqlite3.dylib in Frameworks */ = {isa = PBXBuildFile; fileRef = AD8CBCD31AFF9A270046E501 /* libsqlite3.dylib */; };
		AD8CBCDB1AFF9A760046E501 /* Bolts.framework in Frameworks */ = {isa = PBXBuildFile; fileRef = AD8CBCD51AFF9A760046E501 /* Bolts.framework */; };
		AD8CBCDC1AFF9A760046E501 /* Parse.framework in Frameworks */ = {isa = PBXBuildFile; fileRef = AD8CBCD61AFF9A760046E501 /* Parse.framework */; };
		AD8CBCDD1AFF9A760046E501 /* ParseCrashReporting.framework in Frameworks */ = {isa = PBXBuildFile; fileRef = AD8CBCD71AFF9A760046E501 /* ParseCrashReporting.framework */; };
		AD8CBCDE1AFF9A760046E501 /* ParseFacebookUtils.framework in Frameworks */ = {isa = PBXBuildFile; fileRef = AD8CBCD81AFF9A760046E501 /* ParseFacebookUtils.framework */; };
		AD8CBCDF1AFF9A760046E501 /* ParseFacebookUtilsV4.framework in Frameworks */ = {isa = PBXBuildFile; fileRef = AD8CBCD91AFF9A760046E501 /* ParseFacebookUtilsV4.framework */; };
		AD8CBCE01AFF9A760046E501 /* ParseUI.framework in Frameworks */ = {isa = PBXBuildFile; fileRef = AD8CBCDA1AFF9A760046E501 /* ParseUI.framework */; };
		AD9443FB1A51A110005C8D23 /* TabController.swift in Sources */ = {isa = PBXBuildFile; fileRef = AD9443FA1A51A110005C8D23 /* TabController.swift */; };
		ADB66B9F1A9229DE00AB1E4A /* RYButton.swift in Sources */ = {isa = PBXBuildFile; fileRef = ADB66B9D1A9229DE00AB1E4A /* RYButton.swift */; };
		ADB66BA01A9229DE00AB1E4A /* RYLabel.swift in Sources */ = {isa = PBXBuildFile; fileRef = ADB66B9E1A9229DE00AB1E4A /* RYLabel.swift */; };
		ADB9C0B11A583D86007624D4 /* AppValues.swift in Sources */ = {isa = PBXBuildFile; fileRef = ADB9C0B01A583D86007624D4 /* AppValues.swift */; };
		ADC752C51AC9AD1C00445EB7 /* AudioToolbox.framework in Frameworks */ = {isa = PBXBuildFile; fileRef = ADC752C41AC9AD1C00445EB7 /* AudioToolbox.framework */; };
		ADC752C71AC9AD2500445EB7 /* CFNetwork.framework in Frameworks */ = {isa = PBXBuildFile; fileRef = ADC752C61AC9AD2500445EB7 /* CFNetwork.framework */; };
		ADC752CB1AC9AD3900445EB7 /* CoreGraphics.framework in Frameworks */ = {isa = PBXBuildFile; fileRef = ADC752C81AC9AD3900445EB7 /* CoreGraphics.framework */; };
		ADC752CC1AC9AD3900445EB7 /* CoreLocation.framework in Frameworks */ = {isa = PBXBuildFile; fileRef = ADC752C91AC9AD3900445EB7 /* CoreLocation.framework */; };
		ADC752CD1AC9AD3900445EB7 /* QuartzCore.framework in Frameworks */ = {isa = PBXBuildFile; fileRef = ADC752CA1AC9AD3900445EB7 /* QuartzCore.framework */; };
		ADC752CF1AC9AD4B00445EB7 /* MobileCoreServices.framework in Frameworks */ = {isa = PBXBuildFile; fileRef = ADC752CE1AC9AD4B00445EB7 /* MobileCoreServices.framework */; };
		ADC752D21AC9AD6400445EB7 /* Security.framework in Frameworks */ = {isa = PBXBuildFile; fileRef = ADC752D01AC9AD6400445EB7 /* Security.framework */; };
		ADC752D31AC9AD6400445EB7 /* SystemConfiguration.framework in Frameworks */ = {isa = PBXBuildFile; fileRef = ADC752D11AC9AD6400445EB7 /* SystemConfiguration.framework */; };
		ADC752D51AC9AD6E00445EB7 /* libz.dylib in Frameworks */ = {isa = PBXBuildFile; fileRef = ADC752D41AC9AD6E00445EB7 /* libz.dylib */; };
		ADD2F3831AB9F3AC0082B6F4 /* Launch Screen.xib in Resources */ = {isa = PBXBuildFile; fileRef = ADD2F3851AB9F3AC0082B6F4 /* Launch Screen.xib */; };
		ADEED77719FCEAE1004FC171 /* ViewController.swift in Sources */ = {isa = PBXBuildFile; fileRef = ADEED77619FCEAE1004FC171 /* ViewController.swift */; };
/* End PBXBuildFile section */

/* Begin PBXContainerItemProxy section */
		3678FF1819BC4E780097389D /* PBXContainerItemProxy */ = {
			isa = PBXContainerItemProxy;
			containerPortal = 3678FEFD19BC4E780097389D /* Project object */;
			proxyType = 1;
			remoteGlobalIDString = 3678FF0419BC4E780097389D;
			remoteInfo = "i-de";
		};
		AD781A641AEA6E14008AF250 /* PBXContainerItemProxy */ = {
			isa = PBXContainerItemProxy;
			containerPortal = 3678FEFD19BC4E780097389D /* Project object */;
			proxyType = 1;
			remoteGlobalIDString = AD781A611AEA6E14008AF250;
			remoteInfo = "i-de WatchKit App";
		};
		AD781A6E1AEA6E14008AF250 /* PBXContainerItemProxy */ = {
			isa = PBXContainerItemProxy;
			containerPortal = 3678FEFD19BC4E780097389D /* Project object */;
			proxyType = 1;
			remoteGlobalIDString = AD781A571AEA6E13008AF250;
			remoteInfo = "i-de WatchKit Extension";
		};
/* End PBXContainerItemProxy section */

/* Begin PBXCopyFilesBuildPhase section */
		AD0FE5461A921ACC0027FAE9 /* Embed Frameworks */ = {
			isa = PBXCopyFilesBuildPhase;
			buildActionMask = 2147483647;
			dstPath = "";
			dstSubfolderSpec = 10;
			files = (
			);
			name = "Embed Frameworks";
			runOnlyForDeploymentPostprocessing = 0;
		};
		AD781A771AEA6E14008AF250 /* Embed App Extensions */ = {
			isa = PBXCopyFilesBuildPhase;
			buildActionMask = 2147483647;
			dstPath = "";
			dstSubfolderSpec = 13;
			files = (
				AD781A701AEA6E14008AF250 /* i-de WatchKit Extension.appex in Embed App Extensions */,
			);
			name = "Embed App Extensions";
			runOnlyForDeploymentPostprocessing = 0;
		};
/* End PBXCopyFilesBuildPhase section */

/* Begin PBXFileReference section */
		3678FF0519BC4E780097389D /* i-de.app */ = {isa = PBXFileReference; explicitFileType = wrapper.application; includeInIndex = 0; path = "i-de.app"; sourceTree = BUILT_PRODUCTS_DIR; };
		3678FF0919BC4E780097389D /* Info.plist */ = {isa = PBXFileReference; lastKnownFileType = text.plist.xml; path = Info.plist; sourceTree = "<group>"; };
		3678FF0A19BC4E780097389D /* AppDelegate.swift */ = {isa = PBXFileReference; lastKnownFileType = sourcecode.swift; path = AppDelegate.swift; sourceTree = "<group>"; };
		3678FF1119BC4E780097389D /* Images.xcassets */ = {isa = PBXFileReference; lastKnownFileType = folder.assetcatalog; path = Images.xcassets; sourceTree = "<group>"; };
		3678FF1719BC4E780097389D /* i-deTests.xctest */ = {isa = PBXFileReference; explicitFileType = wrapper.cfbundle; includeInIndex = 0; path = "i-deTests.xctest"; sourceTree = BUILT_PRODUCTS_DIR; };
		3678FF1C19BC4E790097389D /* Info.plist */ = {isa = PBXFileReference; lastKnownFileType = text.plist.xml; path = Info.plist; sourceTree = "<group>"; };
		3678FF1D19BC4E790097389D /* i_deTests.swift */ = {isa = PBXFileReference; lastKnownFileType = sourcecode.swift; path = i_deTests.swift; sourceTree = "<group>"; };
		3678FF2B19BC4F2C0097389D /* Parametre.swift */ = {isa = PBXFileReference; fileEncoding = 4; lastKnownFileType = sourcecode.swift; path = Parametre.swift; sourceTree = "<group>"; };
		AD01A5031A93CA330025CECD /* CouleurDeController.swift */ = {isa = PBXFileReference; fileEncoding = 4; lastKnownFileType = sourcecode.swift; path = CouleurDeController.swift; sourceTree = "<group>"; };
		AD02BAF51A10F4BE003FB741 /* MesDonnes.swift */ = {isa = PBXFileReference; fileEncoding = 4; lastKnownFileType = sourcecode.swift; path = MesDonnes.swift; sourceTree = "<group>"; };
		AD19E5351AA3512700523DBB /* fr */ = {isa = PBXFileReference; lastKnownFileType = text.plist.strings; name = fr; path = fr.lproj/Localizable.strings; sourceTree = "<group>"; };
		AD19E5371AA351A600523DBB /* en */ = {isa = PBXFileReference; lastKnownFileType = text.plist.strings; name = en; path = en.lproj/Localizable.strings; sourceTree = "<group>"; };
		AD19E5381AA3559F00523DBB /* en */ = {isa = PBXFileReference; lastKnownFileType = text.plist.strings; name = en; path = en.lproj/Main.strings; sourceTree = "<group>"; };
		AD19E5391AA355AE00523DBB /* fr */ = {isa = PBXFileReference; lastKnownFileType = text.plist.strings; name = fr; path = fr.lproj/Main.strings; sourceTree = "<group>"; };
		AD25D5E01A9390FD00977003 /* RYAnimation.swift */ = {isa = PBXFileReference; fileEncoding = 4; lastKnownFileType = sourcecode.swift; path = RYAnimation.swift; sourceTree = "<group>"; };
		AD3A486E1A98ED1C0022E52A /* AdSupport.framework */ = {isa = PBXFileReference; lastKnownFileType = wrapper.framework; name = AdSupport.framework; path = System/Library/Frameworks/AdSupport.framework; sourceTree = SDKROOT; };
		AD3A486F1A98ED1C0022E52A /* iAd.framework */ = {isa = PBXFileReference; lastKnownFileType = wrapper.framework; name = iAd.framework; path = System/Library/Frameworks/iAd.framework; sourceTree = SDKROOT; };
		AD3A48741A99047F0022E52A /* StoreKit.framework */ = {isa = PBXFileReference; lastKnownFileType = wrapper.framework; name = StoreKit.framework; path = System/Library/Frameworks/StoreKit.framework; sourceTree = SDKROOT; };
		AD6C8F7519FE869C004711EE /* ParametreSecouer.swift */ = {isa = PBXFileReference; fileEncoding = 4; lastKnownFileType = sourcecode.swift; path = ParametreSecouer.swift; sourceTree = "<group>"; wrapsLines = 0; };
		AD75F8AF1A9B9B98000A8B98 /* Base */ = {isa = PBXFileReference; lastKnownFileType = file.storyboard; name = Base; path = Base.lproj/Main.storyboard; sourceTree = "<group>"; };
		AD781A531AEA6B4E008AF250 /* i-de.entitlements */ = {isa = PBXFileReference; lastKnownFileType = text.xml; path = "i-de.entitlements"; sourceTree = "<group>"; };
		AD781A581AEA6E13008AF250 /* i-de WatchKit Extension.appex */ = {isa = PBXFileReference; explicitFileType = "wrapper.app-extension"; includeInIndex = 0; path = "i-de WatchKit Extension.appex"; sourceTree = BUILT_PRODUCTS_DIR; };
		AD781A5B1AEA6E13008AF250 /* Info.plist */ = {isa = PBXFileReference; lastKnownFileType = text.plist.xml; path = Info.plist; sourceTree = "<group>"; };
		AD781A5C1AEA6E13008AF250 /* InterfaceController.swift */ = {isa = PBXFileReference; lastKnownFileType = sourcecode.swift; path = InterfaceController.swift; sourceTree = "<group>"; };
		AD781A5E1AEA6E13008AF250 /* Images.xcassets */ = {isa = PBXFileReference; lastKnownFileType = folder.assetcatalog; path = Images.xcassets; sourceTree = "<group>"; };
		AD781A621AEA6E14008AF250 /* i-de WatchKit App.app */ = {isa = PBXFileReference; explicitFileType = wrapper.application; includeInIndex = 0; path = "i-de WatchKit App.app"; sourceTree = BUILT_PRODUCTS_DIR; };
		AD781A681AEA6E14008AF250 /* Info.plist */ = {isa = PBXFileReference; lastKnownFileType = text.plist.xml; path = Info.plist; sourceTree = "<group>"; };
		AD781A6A1AEA6E14008AF250 /* Base */ = {isa = PBXFileReference; lastKnownFileType = file.storyboard; name = Base; path = Base.lproj/Interface.storyboard; sourceTree = "<group>"; };
		AD8555C61AEAB3C7009DDB7E /* Images.xcassets */ = {isa = PBXFileReference; lastKnownFileType = folder.assetcatalog; path = Images.xcassets; sourceTree = "<group>"; };
		AD8CBCD31AFF9A270046E501 /* libsqlite3.dylib */ = {isa = PBXFileReference; lastKnownFileType = "compiled.mach-o.dylib"; name = libsqlite3.dylib; path = usr/lib/libsqlite3.dylib; sourceTree = SDKROOT; };
		AD8CBCD51AFF9A760046E501 /* Bolts.framework */ = {isa = PBXFileReference; lastKnownFileType = wrapper.framework; name = Bolts.framework; path = "Parse framework/Bolts.framework"; sourceTree = "<group>"; };
		AD8CBCD61AFF9A760046E501 /* Parse.framework */ = {isa = PBXFileReference; lastKnownFileType = wrapper.framework; name = Parse.framework; path = "Parse framework/Parse.framework"; sourceTree = "<group>"; };
		AD8CBCD71AFF9A760046E501 /* ParseCrashReporting.framework */ = {isa = PBXFileReference; lastKnownFileType = wrapper.framework; name = ParseCrashReporting.framework; path = "Parse framework/ParseCrashReporting.framework"; sourceTree = "<group>"; };
		AD8CBCD81AFF9A760046E501 /* ParseFacebookUtils.framework */ = {isa = PBXFileReference; lastKnownFileType = wrapper.framework; name = ParseFacebookUtils.framework; path = "Parse framework/ParseFacebookUtils.framework"; sourceTree = "<group>"; };
		AD8CBCD91AFF9A760046E501 /* ParseFacebookUtilsV4.framework */ = {isa = PBXFileReference; lastKnownFileType = wrapper.framework; name = ParseFacebookUtilsV4.framework; path = "Parse framework/ParseFacebookUtilsV4.framework"; sourceTree = "<group>"; };
		AD8CBCDA1AFF9A760046E501 /* ParseUI.framework */ = {isa = PBXFileReference; lastKnownFileType = wrapper.framework; name = ParseUI.framework; path = "Parse framework/ParseUI.framework"; sourceTree = "<group>"; };
		AD9443FA1A51A110005C8D23 /* TabController.swift */ = {isa = PBXFileReference; fileEncoding = 4; lastKnownFileType = sourcecode.swift; path = TabController.swift; sourceTree = "<group>"; };
		ADB66B9D1A9229DE00AB1E4A /* RYButton.swift */ = {isa = PBXFileReference; fileEncoding = 4; lastKnownFileType = sourcecode.swift; path = RYButton.swift; sourceTree = "<group>"; };
		ADB66B9E1A9229DE00AB1E4A /* RYLabel.swift */ = {isa = PBXFileReference; fileEncoding = 4; lastKnownFileType = sourcecode.swift; path = RYLabel.swift; sourceTree = "<group>"; };
		ADB9C0B01A583D86007624D4 /* AppValues.swift */ = {isa = PBXFileReference; fileEncoding = 4; lastKnownFileType = sourcecode.swift; path = AppValues.swift; sourceTree = "<group>"; };
		ADC752C41AC9AD1C00445EB7 /* AudioToolbox.framework */ = {isa = PBXFileReference; lastKnownFileType = wrapper.framework; name = AudioToolbox.framework; path = System/Library/Frameworks/AudioToolbox.framework; sourceTree = SDKROOT; };
		ADC752C61AC9AD2500445EB7 /* CFNetwork.framework */ = {isa = PBXFileReference; lastKnownFileType = wrapper.framework; name = CFNetwork.framework; path = System/Library/Frameworks/CFNetwork.framework; sourceTree = SDKROOT; };
		ADC752C81AC9AD3900445EB7 /* CoreGraphics.framework */ = {isa = PBXFileReference; lastKnownFileType = wrapper.framework; name = CoreGraphics.framework; path = System/Library/Frameworks/CoreGraphics.framework; sourceTree = SDKROOT; };
		ADC752C91AC9AD3900445EB7 /* CoreLocation.framework */ = {isa = PBXFileReference; lastKnownFileType = wrapper.framework; name = CoreLocation.framework; path = System/Library/Frameworks/CoreLocation.framework; sourceTree = SDKROOT; };
		ADC752CA1AC9AD3900445EB7 /* QuartzCore.framework */ = {isa = PBXFileReference; lastKnownFileType = wrapper.framework; name = QuartzCore.framework; path = System/Library/Frameworks/QuartzCore.framework; sourceTree = SDKROOT; };
		ADC752CE1AC9AD4B00445EB7 /* MobileCoreServices.framework */ = {isa = PBXFileReference; lastKnownFileType = wrapper.framework; name = MobileCoreServices.framework; path = System/Library/Frameworks/MobileCoreServices.framework; sourceTree = SDKROOT; };
		ADC752D01AC9AD6400445EB7 /* Security.framework */ = {isa = PBXFileReference; lastKnownFileType = wrapper.framework; name = Security.framework; path = System/Library/Frameworks/Security.framework; sourceTree = SDKROOT; };
		ADC752D11AC9AD6400445EB7 /* SystemConfiguration.framework */ = {isa = PBXFileReference; lastKnownFileType = wrapper.framework; name = SystemConfiguration.framework; path = System/Library/Frameworks/SystemConfiguration.framework; sourceTree = SDKROOT; };
		ADC752D41AC9AD6E00445EB7 /* libz.dylib */ = {isa = PBXFileReference; lastKnownFileType = "compiled.mach-o.dylib"; name = libz.dylib; path = usr/lib/libz.dylib; sourceTree = SDKROOT; };
		ADC752D81AC9AE1800445EB7 /* i-de-Bridging-Header.h */ = {isa = PBXFileReference; lastKnownFileType = sourcecode.c.h; path = "i-de-Bridging-Header.h"; sourceTree = "<group>"; };
		ADD2F3841AB9F3AC0082B6F4 /* Base */ = {isa = PBXFileReference; lastKnownFileType = file.xib; name = Base; path = "Base.lproj/Launch Screen.xib"; sourceTree = "<group>"; };
		ADD2F3871AB9F3B30082B6F4 /* fr */ = {isa = PBXFileReference; lastKnownFileType = text.plist.strings; name = fr; path = "fr.lproj/Launch Screen.strings"; sourceTree = "<group>"; };
		ADD2F3891AB9F3B80082B6F4 /* en */ = {isa = PBXFileReference; lastKnownFileType = text.plist.strings; name = en; path = "en.lproj/Launch Screen.strings"; sourceTree = "<group>"; };
		ADEED77619FCEAE1004FC171 /* ViewController.swift */ = {isa = PBXFileReference; fileEncoding = 4; lastKnownFileType = sourcecode.swift; path = ViewController.swift; sourceTree = "<group>"; };
/* End PBXFileReference section */

/* Begin PBXFrameworksBuildPhase section */
		3678FF0219BC4E780097389D /* Frameworks */ = {
			isa = PBXFrameworksBuildPhase;
			buildActionMask = 2147483647;
			files = (
				AD8CBCDB1AFF9A760046E501 /* Bolts.framework in Frameworks */,
				AD8CBCDC1AFF9A760046E501 /* Parse.framework in Frameworks */,
				AD8CBCDD1AFF9A760046E501 /* ParseCrashReporting.framework in Frameworks */,
				AD8CBCDE1AFF9A760046E501 /* ParseFacebookUtils.framework in Frameworks */,
				AD8CBCDF1AFF9A760046E501 /* ParseFacebookUtilsV4.framework in Frameworks */,
				AD8CBCE01AFF9A760046E501 /* ParseUI.framework in Frameworks */,
				AD8CBCD41AFF9A270046E501 /* libsqlite3.dylib in Frameworks */,
				ADC752D51AC9AD6E00445EB7 /* libz.dylib in Frameworks */,
				ADC752D21AC9AD6400445EB7 /* Security.framework in Frameworks */,
				ADC752D31AC9AD6400445EB7 /* SystemConfiguration.framework in Frameworks */,
				ADC752CF1AC9AD4B00445EB7 /* MobileCoreServices.framework in Frameworks */,
				ADC752CB1AC9AD3900445EB7 /* CoreGraphics.framework in Frameworks */,
				ADC752CC1AC9AD3900445EB7 /* CoreLocation.framework in Frameworks */,
				ADC752CD1AC9AD3900445EB7 /* QuartzCore.framework in Frameworks */,
				ADC752C71AC9AD2500445EB7 /* CFNetwork.framework in Frameworks */,
				ADC752C51AC9AD1C00445EB7 /* AudioToolbox.framework in Frameworks */,
				AD3A48751A99047F0022E52A /* StoreKit.framework in Frameworks */,
				AD3A48701A98ED1C0022E52A /* AdSupport.framework in Frameworks */,
				AD3A48711A98ED1C0022E52A /* iAd.framework in Frameworks */,
			);
			runOnlyForDeploymentPostprocessing = 0;
		};
		3678FF1419BC4E780097389D /* Frameworks */ = {
			isa = PBXFrameworksBuildPhase;
			buildActionMask = 2147483647;
			files = (
			);
			runOnlyForDeploymentPostprocessing = 0;
		};
		AD781A551AEA6E13008AF250 /* Frameworks */ = {
			isa = PBXFrameworksBuildPhase;
			buildActionMask = 2147483647;
			files = (
			);
			runOnlyForDeploymentPostprocessing = 0;
		};
/* End PBXFrameworksBuildPhase section */

/* Begin PBXGroup section */
		3678FEFC19BC4E780097389D = {
			isa = PBXGroup;
			children = (
				3678FF0719BC4E780097389D /* i-de */,
				3678FF1A19BC4E780097389D /* i-deTests */,
				AD781A591AEA6E13008AF250 /* i-de WatchKit Extension */,
				AD781A661AEA6E14008AF250 /* i-de WatchKit App */,
				3678FF0619BC4E780097389D /* Products */,
				8D2A175857F8F33B43043B0D /* Frameworks */,
				ADC752D81AC9AE1800445EB7 /* i-de-Bridging-Header.h */,
			);
			sourceTree = "<group>";
		};
		3678FF0619BC4E780097389D /* Products */ = {
			isa = PBXGroup;
			children = (
				3678FF0519BC4E780097389D /* i-de.app */,
				3678FF1719BC4E780097389D /* i-deTests.xctest */,
				AD781A581AEA6E13008AF250 /* i-de WatchKit Extension.appex */,
				AD781A621AEA6E14008AF250 /* i-de WatchKit App.app */,
			);
			name = Products;
			sourceTree = "<group>";
		};
		3678FF0719BC4E780097389D /* i-de */ = {
			isa = PBXGroup;
			children = (
				AD781A531AEA6B4E008AF250 /* i-de.entitlements */,
				AD0128D719FD28330034537B /* Classes */,
				ADD2F3851AB9F3AC0082B6F4 /* Launch Screen.xib */,
				AD75F8AA1A9B9A84000A8B98 /* Main.storyboard */,
				AD0128D819FD28460034537B /* Extensions Classes */,
				3678FF1119BC4E780097389D /* Images.xcassets */,
				3678FF0819BC4E780097389D /* Supporting Files */,
			);
			path = "i-de";
			sourceTree = "<group>";
		};
		3678FF0819BC4E780097389D /* Supporting Files */ = {
			isa = PBXGroup;
			children = (
				AD19E5361AA3512700523DBB /* Localizable.strings */,
				3678FF0919BC4E780097389D /* Info.plist */,
			);
			name = "Supporting Files";
			sourceTree = "<group>";
		};
		3678FF1A19BC4E780097389D /* i-deTests */ = {
			isa = PBXGroup;
			children = (
				3678FF1D19BC4E790097389D /* i_deTests.swift */,
				3678FF1B19BC4E790097389D /* Supporting Files */,
			);
			path = "i-deTests";
			sourceTree = "<group>";
		};
		3678FF1B19BC4E790097389D /* Supporting Files */ = {
			isa = PBXGroup;
			children = (
				3678FF1C19BC4E790097389D /* Info.plist */,
			);
			name = "Supporting Files";
			sourceTree = "<group>";
		};
		8D2A175857F8F33B43043B0D /* Frameworks */ = {
			isa = PBXGroup;
			children = (
				AD8CBCD51AFF9A760046E501 /* Bolts.framework */,
				AD8CBCD61AFF9A760046E501 /* Parse.framework */,
				AD8CBCD71AFF9A760046E501 /* ParseCrashReporting.framework */,
				AD8CBCD81AFF9A760046E501 /* ParseFacebookUtils.framework */,
				AD8CBCD91AFF9A760046E501 /* ParseFacebookUtilsV4.framework */,
				AD8CBCDA1AFF9A760046E501 /* ParseUI.framework */,
				AD8CBCD31AFF9A270046E501 /* libsqlite3.dylib */,
				ADC752D41AC9AD6E00445EB7 /* libz.dylib */,
				AD3A48741A99047F0022E52A /* StoreKit.framework */,
				AD3A486E1A98ED1C0022E52A /* AdSupport.framework */,
				AD3A486F1A98ED1C0022E52A /* iAd.framework */,
				ADC752D01AC9AD6400445EB7 /* Security.framework */,
				ADC752D11AC9AD6400445EB7 /* SystemConfiguration.framework */,
				ADC752CE1AC9AD4B00445EB7 /* MobileCoreServices.framework */,
				ADC752C81AC9AD3900445EB7 /* CoreGraphics.framework */,
				ADC752C91AC9AD3900445EB7 /* CoreLocation.framework */,
				ADC752CA1AC9AD3900445EB7 /* QuartzCore.framework */,
				ADC752C61AC9AD2500445EB7 /* CFNetwork.framework */,
				ADC752C41AC9AD1C00445EB7 /* AudioToolbox.framework */,
			);
			name = Frameworks;
			sourceTree = "<group>";
		};
		AD0128D719FD28330034537B /* Classes */ = {
			isa = PBXGroup;
			children = (
				3678FF0A19BC4E780097389D /* AppDelegate.swift */,
				ADEED77619FCEAE1004FC171 /* ViewController.swift */,
				ADB9C0B01A583D86007624D4 /* AppValues.swift */,
				3678FF2B19BC4F2C0097389D /* Parametre.swift */,
				AD6C8F7519FE869C004711EE /* ParametreSecouer.swift */,
				AD02BAF51A10F4BE003FB741 /* MesDonnes.swift */,
				AD9443FA1A51A110005C8D23 /* TabController.swift */,
				AD01A5031A93CA330025CECD /* CouleurDeController.swift */,
			);
			name = Classes;
			sourceTree = "<group>";
		};
		AD0128D819FD28460034537B /* Extensions Classes */ = {
			isa = PBXGroup;
			children = (
				ADB66B9D1A9229DE00AB1E4A /* RYButton.swift */,
				AD25D5E01A9390FD00977003 /* RYAnimation.swift */,
				ADB66B9E1A9229DE00AB1E4A /* RYLabel.swift */,
			);
			name = "Extensions Classes";
			sourceTree = "<group>";
		};
		AD781A591AEA6E13008AF250 /* i-de WatchKit Extension */ = {
			isa = PBXGroup;
			children = (
				AD781A5C1AEA6E13008AF250 /* InterfaceController.swift */,
				AD781A5E1AEA6E13008AF250 /* Images.xcassets */,
				AD781A5A1AEA6E13008AF250 /* Supporting Files */,
			);
			path = "i-de WatchKit Extension";
			sourceTree = "<group>";
		};
		AD781A5A1AEA6E13008AF250 /* Supporting Files */ = {
			isa = PBXGroup;
			children = (
				AD781A5B1AEA6E13008AF250 /* Info.plist */,
			);
			name = "Supporting Files";
			sourceTree = "<group>";
		};
		AD781A661AEA6E14008AF250 /* i-de WatchKit App */ = {
			isa = PBXGroup;
			children = (
				AD781A691AEA6E14008AF250 /* Interface.storyboard */,
				AD8555C61AEAB3C7009DDB7E /* Images.xcassets */,
				AD781A671AEA6E14008AF250 /* Supporting Files */,
			);
			path = "i-de WatchKit App";
			sourceTree = "<group>";
		};
		AD781A671AEA6E14008AF250 /* Supporting Files */ = {
			isa = PBXGroup;
			children = (
				AD781A681AEA6E14008AF250 /* Info.plist */,
			);
			name = "Supporting Files";
			sourceTree = "<group>";
		};
/* End PBXGroup section */

/* Begin PBXNativeTarget section */
		3678FF0419BC4E780097389D /* i-de */ = {
			isa = PBXNativeTarget;
			buildConfigurationList = 3678FF2119BC4E790097389D /* Build configuration list for PBXNativeTarget "i-de" */;
			buildPhases = (
				3678FF0119BC4E780097389D /* Sources */,
				3678FF0219BC4E780097389D /* Frameworks */,
				3678FF0319BC4E780097389D /* Resources */,
				AD0FE5461A921ACC0027FAE9 /* Embed Frameworks */,
				AD781A771AEA6E14008AF250 /* Embed App Extensions */,
			);
			buildRules = (
			);
			dependencies = (
				AD781A6F1AEA6E14008AF250 /* PBXTargetDependency */,
			);
			name = "i-de";
			productName = "i-de";
			productReference = 3678FF0519BC4E780097389D /* i-de.app */;
			productType = "com.apple.product-type.application";
		};
		3678FF1619BC4E780097389D /* i-deTests */ = {
			isa = PBXNativeTarget;
			buildConfigurationList = 3678FF2419BC4E790097389D /* Build configuration list for PBXNativeTarget "i-deTests" */;
			buildPhases = (
				3678FF1319BC4E780097389D /* Sources */,
				3678FF1419BC4E780097389D /* Frameworks */,
				3678FF1519BC4E780097389D /* Resources */,
			);
			buildRules = (
			);
			dependencies = (
				3678FF1919BC4E780097389D /* PBXTargetDependency */,
			);
			name = "i-deTests";
			productName = "i-deTests";
			productReference = 3678FF1719BC4E780097389D /* i-deTests.xctest */;
			productType = "com.apple.product-type.bundle.unit-test";
		};
		AD781A571AEA6E13008AF250 /* i-de WatchKit Extension */ = {
			isa = PBXNativeTarget;
			buildConfigurationList = AD781A741AEA6E14008AF250 /* Build configuration list for PBXNativeTarget "i-de WatchKit Extension" */;
			buildPhases = (
				AD781A541AEA6E13008AF250 /* Sources */,
				AD781A551AEA6E13008AF250 /* Frameworks */,
				AD781A561AEA6E13008AF250 /* Resources */,
			);
			buildRules = (
			);
			dependencies = (
				AD781A651AEA6E14008AF250 /* PBXTargetDependency */,
			);
			name = "i-de WatchKit Extension";
			productName = "i-de WatchKit Extension";
			productReference = AD781A581AEA6E13008AF250 /* i-de WatchKit Extension.appex */;
			productType = "com.apple.product-type.watchkit-extension";
		};
		AD781A611AEA6E14008AF250 /* i-de WatchKit App */ = {
			isa = PBXNativeTarget;
			buildConfigurationList = AD781A711AEA6E14008AF250 /* Build configuration list for PBXNativeTarget "i-de WatchKit App" */;
			buildPhases = (
				AD781A601AEA6E14008AF250 /* Resources */,
			);
			buildRules = (
			);
			dependencies = (
			);
			name = "i-de WatchKit App";
			productName = "i-de WatchKit App";
			productReference = AD781A621AEA6E14008AF250 /* i-de WatchKit App.app */;
			productType = "com.apple.product-type.application.watchapp";
		};
/* End PBXNativeTarget section */

/* Begin PBXProject section */
		3678FEFD19BC4E780097389D /* Project object */ = {
			isa = PBXProject;
			attributes = {
				LastUpgradeCheck = 0620;
				ORGANIZATIONNAME = DCF;
				TargetAttributes = {
					3678FF0419BC4E780097389D = {
						CreatedOnToolsVersion = 6.0;
						DevelopmentTeam = 767R4Y4A3U;
						SystemCapabilities = {
							com.apple.ApplicationGroups.iOS = {
								enabled = 0;
							};
							com.apple.InAppPurchase = {
								enabled = 1;
							};
						};
					};
					3678FF1619BC4E780097389D = {
						CreatedOnToolsVersion = 6.0;
						TestTargetID = 3678FF0419BC4E780097389D;
					};
					AD781A571AEA6E13008AF250 = {
						CreatedOnToolsVersion = 6.3;
						DevelopmentTeam = 767R4Y4A3U;
					};
					AD781A611AEA6E14008AF250 = {
						CreatedOnToolsVersion = 6.3;
						DevelopmentTeam = 767R4Y4A3U;
					};
				};
			};
			buildConfigurationList = 3678FF0019BC4E780097389D /* Build configuration list for PBXProject "i-de" */;
			compatibilityVersion = "Xcode 3.2";
			developmentRegion = English;
			hasScannedForEncodings = 0;
			knownRegions = (
				Base,
				en,
				fr,
			);
			mainGroup = 3678FEFC19BC4E780097389D;
			productRefGroup = 3678FF0619BC4E780097389D /* Products */;
			projectDirPath = "";
			projectRoot = "";
			targets = (
				3678FF0419BC4E780097389D /* i-de */,
				3678FF1619BC4E780097389D /* i-deTests */,
				AD781A571AEA6E13008AF250 /* i-de WatchKit Extension */,
				AD781A611AEA6E14008AF250 /* i-de WatchKit App */,
			);
		};
/* End PBXProject section */

/* Begin PBXResourcesBuildPhase section */
		3678FF0319BC4E780097389D /* Resources */ = {
			isa = PBXResourcesBuildPhase;
			buildActionMask = 2147483647;
			files = (
				AD19E5341AA3512700523DBB /* Localizable.strings in Resources */,
				3678FF1219BC4E780097389D /* Images.xcassets in Resources */,
				ADD2F3831AB9F3AC0082B6F4 /* Launch Screen.xib in Resources */,
				AD75F8AC1A9B9A84000A8B98 /* Main.storyboard in Resources */,
			);
			runOnlyForDeploymentPostprocessing = 0;
		};
		3678FF1519BC4E780097389D /* Resources */ = {
			isa = PBXResourcesBuildPhase;
			buildActionMask = 2147483647;
			files = (
			);
			runOnlyForDeploymentPostprocessing = 0;
		};
		AD781A561AEA6E13008AF250 /* Resources */ = {
			isa = PBXResourcesBuildPhase;
			buildActionMask = 2147483647;
			files = (
				AD781A5F1AEA6E13008AF250 /* Images.xcassets in Resources */,
				AD781A631AEA6E14008AF250 /* i-de WatchKit App.app in Resources */,
			);
			runOnlyForDeploymentPostprocessing = 0;
		};
		AD781A601AEA6E14008AF250 /* Resources */ = {
			isa = PBXResourcesBuildPhase;
			buildActionMask = 2147483647;
			files = (
				AD781A6B1AEA6E14008AF250 /* Interface.storyboard in Resources */,
				AD8555C71AEAB3C7009DDB7E /* Images.xcassets in Resources */,
			);
			runOnlyForDeploymentPostprocessing = 0;
		};
/* End PBXResourcesBuildPhase section */

/* Begin PBXSourcesBuildPhase section */
		3678FF0119BC4E780097389D /* Sources */ = {
			isa = PBXSourcesBuildPhase;
			buildActionMask = 2147483647;
			files = (
				ADB66B9F1A9229DE00AB1E4A /* RYButton.swift in Sources */,
				AD01A5041A93CA330025CECD /* CouleurDeController.swift in Sources */,
				AD9443FB1A51A110005C8D23 /* TabController.swift in Sources */,
				ADEED77719FCEAE1004FC171 /* ViewController.swift in Sources */,
				ADB66BA01A9229DE00AB1E4A /* RYLabel.swift in Sources */,
				3678FF0B19BC4E780097389D /* AppDelegate.swift in Sources */,
				ADB9C0B11A583D86007624D4 /* AppValues.swift in Sources */,
				AD6C8F7619FE869C004711EE /* ParametreSecouer.swift in Sources */,
				3678FF2C19BC4F2C0097389D /* Parametre.swift in Sources */,
				AD02BAF61A10F4BE003FB741 /* MesDonnes.swift in Sources */,
				AD25D5E11A9390FD00977003 /* RYAnimation.swift in Sources */,
			);
			runOnlyForDeploymentPostprocessing = 0;
		};
		3678FF1319BC4E780097389D /* Sources */ = {
			isa = PBXSourcesBuildPhase;
			buildActionMask = 2147483647;
			files = (
				3678FF1E19BC4E790097389D /* i_deTests.swift in Sources */,
			);
			runOnlyForDeploymentPostprocessing = 0;
		};
		AD781A541AEA6E13008AF250 /* Sources */ = {
			isa = PBXSourcesBuildPhase;
			buildActionMask = 2147483647;
			files = (
				AD781A5D1AEA6E13008AF250 /* InterfaceController.swift in Sources */,
			);
			runOnlyForDeploymentPostprocessing = 0;
		};
/* End PBXSourcesBuildPhase section */

/* Begin PBXTargetDependency section */
		3678FF1919BC4E780097389D /* PBXTargetDependency */ = {
			isa = PBXTargetDependency;
			target = 3678FF0419BC4E780097389D /* i-de */;
			targetProxy = 3678FF1819BC4E780097389D /* PBXContainerItemProxy */;
		};
		AD781A651AEA6E14008AF250 /* PBXTargetDependency */ = {
			isa = PBXTargetDependency;
			target = AD781A611AEA6E14008AF250 /* i-de WatchKit App */;
			targetProxy = AD781A641AEA6E14008AF250 /* PBXContainerItemProxy */;
		};
		AD781A6F1AEA6E14008AF250 /* PBXTargetDependency */ = {
			isa = PBXTargetDependency;
			target = AD781A571AEA6E13008AF250 /* i-de WatchKit Extension */;
			targetProxy = AD781A6E1AEA6E14008AF250 /* PBXContainerItemProxy */;
		};
/* End PBXTargetDependency section */

/* Begin PBXVariantGroup section */
		AD19E5361AA3512700523DBB /* Localizable.strings */ = {
			isa = PBXVariantGroup;
			children = (
				AD19E5351AA3512700523DBB /* fr */,
				AD19E5371AA351A600523DBB /* en */,
			);
			name = Localizable.strings;
			sourceTree = "<group>";
		};
		AD75F8AA1A9B9A84000A8B98 /* Main.storyboard */ = {
			isa = PBXVariantGroup;
			children = (
				AD75F8AF1A9B9B98000A8B98 /* Base */,
				AD19E5381AA3559F00523DBB /* en */,
				AD19E5391AA355AE00523DBB /* fr */,
			);
			name = Main.storyboard;
			sourceTree = "<group>";
		};
		AD781A691AEA6E14008AF250 /* Interface.storyboard */ = {
			isa = PBXVariantGroup;
			children = (
				AD781A6A1AEA6E14008AF250 /* Base */,
			);
			name = Interface.storyboard;
			sourceTree = "<group>";
		};
		ADD2F3851AB9F3AC0082B6F4 /* Launch Screen.xib */ = {
			isa = PBXVariantGroup;
			children = (
				ADD2F3841AB9F3AC0082B6F4 /* Base */,
				ADD2F3871AB9F3B30082B6F4 /* fr */,
				ADD2F3891AB9F3B80082B6F4 /* en */,
			);
			name = "Launch Screen.xib";
			sourceTree = "<group>";
		};
/* End PBXVariantGroup section */

/* Begin XCBuildConfiguration section */
		3678FF2019BC4E790097389D /* Release */ = {
			isa = XCBuildConfiguration;
			buildSettings = {
				ALWAYS_SEARCH_USER_PATHS = NO;
				CLANG_CXX_LANGUAGE_STANDARD = "gnu++0x";
				CLANG_CXX_LIBRARY = "libc++";
				CLANG_ENABLE_MODULES = YES;
				CLANG_ENABLE_OBJC_ARC = YES;
				CLANG_WARN_BOOL_CONVERSION = YES;
				CLANG_WARN_CONSTANT_CONVERSION = YES;
				CLANG_WARN_DIRECT_OBJC_ISA_USAGE = YES_ERROR;
				CLANG_WARN_EMPTY_BODY = YES;
				CLANG_WARN_ENUM_CONVERSION = YES;
				CLANG_WARN_INT_CONVERSION = YES;
				CLANG_WARN_OBJC_ROOT_CLASS = YES_ERROR;
				CLANG_WARN_UNREACHABLE_CODE = YES;
				CLANG_WARN__DUPLICATE_METHOD_MATCH = YES;
				"CODE_SIGN_IDENTITY[sdk=iphoneos*]" = "iPhone Developer";
				COPY_PHASE_STRIP = YES;
				ENABLE_NS_ASSERTIONS = NO;
				ENABLE_STRICT_OBJC_MSGSEND = YES;
				GCC_C_LANGUAGE_STANDARD = gnu99;
				GCC_WARN_64_TO_32_BIT_CONVERSION = YES;
				GCC_WARN_ABOUT_RETURN_TYPE = YES_ERROR;
				GCC_WARN_UNDECLARED_SELECTOR = YES;
				GCC_WARN_UNINITIALIZED_AUTOS = YES_AGGRESSIVE;
				GCC_WARN_UNUSED_FUNCTION = YES;
				GCC_WARN_UNUSED_VARIABLE = YES;
				IPHONEOS_DEPLOYMENT_TARGET = 8.0;
				MTL_ENABLE_DEBUG_INFO = NO;
				SDKROOT = iphoneos;
				VALIDATE_PRODUCT = YES;
			};
			name = Release;
		};
		3678FF2319BC4E790097389D /* Release */ = {
			isa = XCBuildConfiguration;
			buildSettings = {
				ASSETCATALOG_COMPILER_APPICON_NAME = AppIcon;
				ASSETCATALOG_COMPILER_LAUNCHIMAGE_NAME = LaunchImage;
				CLANG_ENABLE_MODULES = YES;
				CLANG_ENABLE_OBJC_ARC = YES;
				CODE_SIGN_IDENTITY = "iPhone Developer";
				"CODE_SIGN_IDENTITY[sdk=iphoneos*]" = "iPhone Developer";
				FRAMEWORK_SEARCH_PATHS = (
					"$(inherited)",
					"$(PROJECT_DIR)",
					"$(PROJECT_DIR)/Parse",
					framework,
				);
				INFOPLIST_FILE = "i-de/Info.plist";
				IPHONEOS_DEPLOYMENT_TARGET = 7.0;
				LD_RUNPATH_SEARCH_PATHS = "$(inherited) @executable_path/Frameworks";
				PRODUCT_NAME = "$(TARGET_NAME)";
				PROVISIONING_PROFILE = "";
				SWIFT_INSTALL_OBJC_HEADER = NO;
				SWIFT_OBJC_BRIDGING_HEADER = "i-de-Bridging-Header.h";
				TARGETED_DEVICE_FAMILY = "1,2";
			};
			name = Release;
		};
		3678FF2619BC4E790097389D /* Release */ = {
			isa = XCBuildConfiguration;
			buildSettings = {
				BUNDLE_LOADER = "$(TEST_HOST)";
				FRAMEWORK_SEARCH_PATHS = (
					"$(SDKROOT)/Developer/Library/Frameworks",
					"$(inherited)",
				);
				INFOPLIST_FILE = "i-deTests/Info.plist";
				LD_RUNPATH_SEARCH_PATHS = "$(inherited) @executable_path/Frameworks @loader_path/Frameworks";
				PRODUCT_NAME = "$(TARGET_NAME)";
				TEST_HOST = "$(BUILT_PRODUCTS_DIR)/i-de.app/i-de";
			};
			name = Release;
		};
		AD1FD7441AC474CF00E21815 /* Debug */ = {
			isa = XCBuildConfiguration;
			buildSettings = {
				ALWAYS_SEARCH_USER_PATHS = NO;
				CLANG_CXX_LANGUAGE_STANDARD = "gnu++0x";
				CLANG_CXX_LIBRARY = "libc++";
				CLANG_ENABLE_MODULES = YES;
				CLANG_ENABLE_OBJC_ARC = YES;
				CLANG_WARN_BOOL_CONVERSION = YES;
				CLANG_WARN_CONSTANT_CONVERSION = YES;
				CLANG_WARN_DIRECT_OBJC_ISA_USAGE = YES_ERROR;
				CLANG_WARN_EMPTY_BODY = YES;
				CLANG_WARN_ENUM_CONVERSION = YES;
				CLANG_WARN_INT_CONVERSION = YES;
				CLANG_WARN_OBJC_ROOT_CLASS = YES_ERROR;
				CLANG_WARN_UNREACHABLE_CODE = YES;
				CLANG_WARN__DUPLICATE_METHOD_MATCH = YES;
				"CODE_SIGN_IDENTITY[sdk=iphoneos*]" = "iPhone Developer";
				COPY_PHASE_STRIP = YES;
				ENABLE_NS_ASSERTIONS = NO;
				ENABLE_STRICT_OBJC_MSGSEND = YES;
				GCC_C_LANGUAGE_STANDARD = gnu99;
				GCC_WARN_64_TO_32_BIT_CONVERSION = YES;
				GCC_WARN_ABOUT_RETURN_TYPE = YES_ERROR;
				GCC_WARN_UNDECLARED_SELECTOR = YES;
				GCC_WARN_UNINITIALIZED_AUTOS = YES_AGGRESSIVE;
				GCC_WARN_UNUSED_FUNCTION = YES;
				GCC_WARN_UNUSED_VARIABLE = YES;
				IPHONEOS_DEPLOYMENT_TARGET = 8.0;
				MTL_ENABLE_DEBUG_INFO = NO;
				ONLY_ACTIVE_ARCH = YES;
				SDKROOT = iphoneos;
				VALIDATE_PRODUCT = YES;
			};
			name = Debug;
		};
		AD1FD7451AC474CF00E21815 /* Debug */ = {
			isa = XCBuildConfiguration;
			buildSettings = {
				ASSETCATALOG_COMPILER_APPICON_NAME = AppIcon;
				ASSETCATALOG_COMPILER_LAUNCHIMAGE_NAME = LaunchImage;
				CLANG_ENABLE_MODULES = YES;
				CLANG_ENABLE_OBJC_ARC = YES;
				CODE_SIGN_IDENTITY = "iPhone Developer";
				"CODE_SIGN_IDENTITY[sdk=iphoneos*]" = "iPhone Developer";
				FRAMEWORK_SEARCH_PATHS = (
					"$(inherited)",
					"$(PROJECT_DIR)",
					"$(PROJECT_DIR)/Parse",
					framework,
				);
				INFOPLIST_FILE = "i-de/Info.plist";
				IPHONEOS_DEPLOYMENT_TARGET = 7.0;
				LD_RUNPATH_SEARCH_PATHS = "$(inherited) @executable_path/Frameworks";
				PRODUCT_NAME = "$(TARGET_NAME)";
				PROVISIONING_PROFILE = "";
				SWIFT_INSTALL_OBJC_HEADER = NO;
				SWIFT_OBJC_BRIDGING_HEADER = "i-de-Bridging-Header.h";
				TARGETED_DEVICE_FAMILY = "1,2";
			};
			name = Debug;
		};
		AD1FD7461AC474CF00E21815 /* Debug */ = {
			isa = XCBuildConfiguration;
			buildSettings = {
				BUNDLE_LOADER = "$(TEST_HOST)";
				FRAMEWORK_SEARCH_PATHS = (
					"$(SDKROOT)/Developer/Library/Frameworks",
					"$(inherited)",
				);
				INFOPLIST_FILE = "i-deTests/Info.plist";
				LD_RUNPATH_SEARCH_PATHS = "$(inherited) @executable_path/Frameworks @loader_path/Frameworks";
				PRODUCT_NAME = "$(TARGET_NAME)";
				TEST_HOST = "$(BUILT_PRODUCTS_DIR)/i-de.app/i-de";
			};
			name = Debug;
		};
		AD781A721AEA6E14008AF250 /* Release */ = {
			isa = XCBuildConfiguration;
			buildSettings = {
				ASSETCATALOG_COMPILER_APPICON_NAME = AppIcon;
				CODE_SIGN_IDENTITY = "iPhone Developer";
				COPY_PHASE_STRIP = NO;
				DEBUG_INFORMATION_FORMAT = "dwarf-with-dsym";
				GCC_NO_COMMON_BLOCKS = YES;
				IBSC_MODULE = i_de_WatchKit_Extension;
				INFOPLIST_FILE = "i-de WatchKit App/Info.plist";
				IPHONEOS_DEPLOYMENT_TARGET = 8.2;
				PRODUCT_NAME = "$(TARGET_NAME)";
				SKIP_INSTALL = YES;
				TARGETED_DEVICE_FAMILY = 4;
				"TARGETED_DEVICE_FAMILY[sdk=iphonesimulator*]" = "1,4";
			};
			name = Release;
		};
		AD781A731AEA6E14008AF250 /* Debug */ = {
			isa = XCBuildConfiguration;
			buildSettings = {
				ASSETCATALOG_COMPILER_APPICON_NAME = AppIcon;
				CODE_SIGN_IDENTITY = "iPhone Developer";
				COPY_PHASE_STRIP = NO;
				DEBUG_INFORMATION_FORMAT = "dwarf-with-dsym";
				GCC_DYNAMIC_NO_PIC = NO;
				GCC_NO_COMMON_BLOCKS = YES;
				GCC_OPTIMIZATION_LEVEL = 0;
				GCC_PREPROCESSOR_DEFINITIONS = (
					"DEBUG=1",
					"$(inherited)",
				);
				GCC_SYMBOLS_PRIVATE_EXTERN = NO;
				IBSC_MODULE = i_de_WatchKit_Extension;
				INFOPLIST_FILE = "i-de WatchKit App/Info.plist";
				IPHONEOS_DEPLOYMENT_TARGET = 8.2;
				MTL_ENABLE_DEBUG_INFO = YES;
				PRODUCT_NAME = "$(TARGET_NAME)";
				SKIP_INSTALL = YES;
				TARGETED_DEVICE_FAMILY = 4;
				"TARGETED_DEVICE_FAMILY[sdk=iphonesimulator*]" = "1,4";
			};
			name = Debug;
		};
		AD781A751AEA6E14008AF250 /* Release */ = {
			isa = XCBuildConfiguration;
			buildSettings = {
				CODE_SIGN_IDENTITY = "iPhone Developer";
				"CODE_SIGN_IDENTITY[sdk=iphoneos*]" = "iPhone Developer";
				COPY_PHASE_STRIP = NO;
				DEBUG_INFORMATION_FORMAT = "dwarf-with-dsym";
				GCC_NO_COMMON_BLOCKS = YES;
				INFOPLIST_FILE = "i-de WatchKit Extension/Info.plist";
				IPHONEOS_DEPLOYMENT_TARGET = 8.2;
				LD_RUNPATH_SEARCH_PATHS = "$(inherited) @executable_path/Frameworks @executable_path/../../Frameworks";
				PRODUCT_NAME = "${TARGET_NAME}";
				SKIP_INSTALL = YES;
			};
			name = Release;
		};
		AD781A761AEA6E14008AF250 /* Debug */ = {
			isa = XCBuildConfiguration;
			buildSettings = {
				CODE_SIGN_IDENTITY = "iPhone Developer";
				"CODE_SIGN_IDENTITY[sdk=iphoneos*]" = "iPhone Developer";
				COPY_PHASE_STRIP = NO;
				DEBUG_INFORMATION_FORMAT = "dwarf-with-dsym";
				GCC_DYNAMIC_NO_PIC = NO;
				GCC_NO_COMMON_BLOCKS = YES;
				GCC_OPTIMIZATION_LEVEL = 0;
				GCC_PREPROCESSOR_DEFINITIONS = (
					"DEBUG=1",
					"$(inherited)",
				);
				GCC_SYMBOLS_PRIVATE_EXTERN = NO;
				INFOPLIST_FILE = "i-de WatchKit Extension/Info.plist";
				IPHONEOS_DEPLOYMENT_TARGET = 8.2;
				LD_RUNPATH_SEARCH_PATHS = "$(inherited) @executable_path/Frameworks @executable_path/../../Frameworks";
				MTL_ENABLE_DEBUG_INFO = YES;
				PRODUCT_NAME = "${TARGET_NAME}";
				SKIP_INSTALL = YES;
				SWIFT_OPTIMIZATION_LEVEL = "-Onone";
			};
			name = Debug;
		};
/* End XCBuildConfiguration section */

/* Begin XCConfigurationList section */
		3678FF0019BC4E780097389D /* Build configuration list for PBXProject "i-de" */ = {
			isa = XCConfigurationList;
			buildConfigurations = (
				3678FF2019BC4E790097389D /* Release */,
				AD1FD7441AC474CF00E21815 /* Debug */,
			);
			defaultConfigurationIsVisible = 0;
			defaultConfigurationName = Release;
		};
		3678FF2119BC4E790097389D /* Build configuration list for PBXNativeTarget "i-de" */ = {
			isa = XCConfigurationList;
			buildConfigurations = (
				3678FF2319BC4E790097389D /* Release */,
				AD1FD7451AC474CF00E21815 /* Debug */,
			);
			defaultConfigurationIsVisible = 0;
			defaultConfigurationName = Release;
		};
		3678FF2419BC4E790097389D /* Build configuration list for PBXNativeTarget "i-deTests" */ = {
			isa = XCConfigurationList;
			buildConfigurations = (
				3678FF2619BC4E790097389D /* Release */,
				AD1FD7461AC474CF00E21815 /* Debug */,
			);
			defaultConfigurationIsVisible = 0;
			defaultConfigurationName = Release;
		};
		AD781A711AEA6E14008AF250 /* Build configuration list for PBXNativeTarget "i-de WatchKit App" */ = {
			isa = XCConfigurationList;
			buildConfigurations = (
				AD781A721AEA6E14008AF250 /* Release */,
				AD781A731AEA6E14008AF250 /* Debug */,
			);
			defaultConfigurationIsVisible = 0;
			defaultConfigurationName = Release;
		};
		AD781A741AEA6E14008AF250 /* Build configuration list for PBXNativeTarget "i-de WatchKit Extension" */ = {
			isa = XCConfigurationList;
			buildConfigurations = (
				AD781A751AEA6E14008AF250 /* Release */,
				AD781A761AEA6E14008AF250 /* Debug */,
			);
			defaultConfigurationIsVisible = 0;
			defaultConfigurationName = Release;
		};
/* End XCConfigurationList section */
	};
	rootObject = 3678FEFD19BC4E780097389D /* Project object */;
}
