// !$*UTF8*$!
{
	archiveVersion = 1;
	classes = {
	};
	objectVersion = 46;
	objects = {

/* Begin PBXBuildFile section */
		3605522319853B5A00D057B2 /* ChoixFace.swift in Sources */ = {isa = PBXBuildFile; fileRef = 3605522219853B5A00D057B2 /* ChoixFace.swift */; };
		36124DE919892593000389DE /* Localizable.strings in Resources */ = {isa = PBXBuildFile; fileRef = 36124DEB19892593000389DE /* Localizable.strings */; };
		361339511982675D00A11BF9 /* Settings.bundle in Resources */ = {isa = PBXBuildFile; fileRef = 361339501982675D00A11BF9 /* Settings.bundle */; };
		362264C319852C4900E6B983 /* MesDonnes.m in Sources */ = {isa = PBXBuildFile; fileRef = 362264C219852C4900E6B983 /* MesDonnes.m */; };
		362264C719852FE700E6B983 /* DeA6Faces.swift in Sources */ = {isa = PBXBuildFile; fileRef = 362264C619852FE700E6B983 /* DeA6Faces.swift */; };
		362264C91985300B00E6B983 /* DeA8Faces.swift in Sources */ = {isa = PBXBuildFile; fileRef = 362264C81985300B00E6B983 /* DeA8Faces.swift */; };
		362264CB1985304600E6B983 /* DeA10Faces.swift in Sources */ = {isa = PBXBuildFile; fileRef = 362264CA1985304600E6B983 /* DeA10Faces.swift */; };
		364BCF61198928810024853D /* InfoPlist.strings in Resources */ = {isa = PBXBuildFile; fileRef = 364BCF63198928810024853D /* InfoPlist.strings */; };
		364BCF66198928D00024853D /* Info.plist in Resources */ = {isa = PBXBuildFile; fileRef = 364BCF65198928D00024853D /* Info.plist */; };
		36A0FA49197FB8FD00C5D783 /* AppDelegate.swift in Sources */ = {isa = PBXBuildFile; fileRef = 36A0FA48197FB8FD00C5D783 /* AppDelegate.swift */; };
		36A0FA4B197FB8FD00C5D783 /* ViewController.swift in Sources */ = {isa = PBXBuildFile; fileRef = 36A0FA4A197FB8FD00C5D783 /* ViewController.swift */; };
		36A0FA4E197FB8FD00C5D783 /* Main.storyboard in Resources */ = {isa = PBXBuildFile; fileRef = 36A0FA4C197FB8FD00C5D783 /* Main.storyboard */; };
		36A0FA50197FB8FD00C5D783 /* Images.xcassets in Resources */ = {isa = PBXBuildFile; fileRef = 36A0FA4F197FB8FD00C5D783 /* Images.xcassets */; };
		36A0FA5C197FB8FD00C5D783 /* AleatoireTests.swift in Sources */ = {isa = PBXBuildFile; fileRef = 36A0FA5B197FB8FD00C5D783 /* AleatoireTests.swift */; };
/* End PBXBuildFile section */

/* Begin PBXContainerItemProxy section */
		36A0FA56197FB8FD00C5D783 /* PBXContainerItemProxy */ = {
			isa = PBXContainerItemProxy;
			containerPortal = 36A0FA3B197FB8FC00C5D783 /* Project object */;
			proxyType = 1;
			remoteGlobalIDString = 36A0FA42197FB8FD00C5D783;
			remoteInfo = Aleatoire;
		};
/* End PBXContainerItemProxy section */

/* Begin PBXFileReference section */
		3605522219853B5A00D057B2 /* ChoixFace.swift */ = {isa = PBXFileReference; fileEncoding = 4; lastKnownFileType = sourcecode.swift; path = ChoixFace.swift; sourceTree = "<group>"; };
		36124DE619891F83000389DE /* en */ = {isa = PBXFileReference; lastKnownFileType = text.plist.strings; name = en; path = en.lproj/Main.strings; sourceTree = "<group>"; };
		36124DEA19892593000389DE /* Base */ = {isa = PBXFileReference; lastKnownFileType = text.plist.strings; name = Base; path = Base.lproj/Localizable.strings; sourceTree = "<group>"; };
		36124DEC19892596000389DE /* en */ = {isa = PBXFileReference; lastKnownFileType = text.plist.strings; name = en; path = en.lproj/Localizable.strings; sourceTree = "<group>"; };
		361339501982675D00A11BF9 /* Settings.bundle */ = {isa = PBXFileReference; lastKnownFileType = "wrapper.plug-in"; path = Settings.bundle; sourceTree = "<group>"; };
		362264C019852C4900E6B983 /* Aleatoire-Bridging-Header.h */ = {isa = PBXFileReference; lastKnownFileType = sourcecode.c.h; path = "Aleatoire-Bridging-Header.h"; sourceTree = "<group>"; };
		362264C119852C4900E6B983 /* MesDonnes.h */ = {isa = PBXFileReference; fileEncoding = 4; lastKnownFileType = sourcecode.c.h; name = MesDonnes.h; path = ../MesDonnes.h; sourceTree = "<group>"; };
		362264C219852C4900E6B983 /* MesDonnes.m */ = {isa = PBXFileReference; fileEncoding = 4; lastKnownFileType = sourcecode.c.objc; name = MesDonnes.m; path = ../MesDonnes.m; sourceTree = "<group>"; };
		362264C619852FE700E6B983 /* DeA6Faces.swift */ = {isa = PBXFileReference; fileEncoding = 4; lastKnownFileType = sourcecode.swift; path = DeA6Faces.swift; sourceTree = "<group>"; };
		362264C81985300B00E6B983 /* DeA8Faces.swift */ = {isa = PBXFileReference; fileEncoding = 4; lastKnownFileType = sourcecode.swift; path = DeA8Faces.swift; sourceTree = "<group>"; };
		362264CA1985304600E6B983 /* DeA10Faces.swift */ = {isa = PBXFileReference; fileEncoding = 4; lastKnownFileType = sourcecode.swift; path = DeA10Faces.swift; sourceTree = "<group>"; };
		364BCF62198928810024853D /* Base */ = {isa = PBXFileReference; lastKnownFileType = text.plist.strings; name = Base; path = Base.lproj/InfoPlist.strings; sourceTree = "<group>"; };
		364BCF64198928830024853D /* en */ = {isa = PBXFileReference; lastKnownFileType = text.plist.strings; name = en; path = en.lproj/InfoPlist.strings; sourceTree = "<group>"; };
		364BCF65198928D00024853D /* Info.plist */ = {isa = PBXFileReference; fileEncoding = 4; lastKnownFileType = text.plist.xml; name = Info.plist; path = aleatoire/Info.plist; sourceTree = SOURCE_ROOT; };
		36976BE81983E214003AD536 /* Test.playground */ = {isa = PBXFileReference; lastKnownFileType = file.playground; path = Test.playground; sourceTree = "<group>"; };
		36A0FA43197FB8FD00C5D783 /* Aleatoire.app */ = {isa = PBXFileReference; explicitFileType = wrapper.application; includeInIndex = 0; path = Aleatoire.app; sourceTree = BUILT_PRODUCTS_DIR; };
		36A0FA48197FB8FD00C5D783 /* AppDelegate.swift */ = {isa = PBXFileReference; lastKnownFileType = sourcecode.swift; path = AppDelegate.swift; sourceTree = "<group>"; };
		36A0FA4A197FB8FD00C5D783 /* ViewController.swift */ = {isa = PBXFileReference; lastKnownFileType = sourcecode.swift; path = ViewController.swift; sourceTree = "<group>"; };
		36A0FA4D197FB8FD00C5D783 /* Base */ = {isa = PBXFileReference; lastKnownFileType = file.storyboard; name = Base; path = Base.lproj/Main.storyboard; sourceTree = "<group>"; };
		36A0FA4F197FB8FD00C5D783 /* Images.xcassets */ = {isa = PBXFileReference; lastKnownFileType = folder.assetcatalog; path = Images.xcassets; sourceTree = "<group>"; };
		36A0FA55197FB8FD00C5D783 /* AleatoireTests.xctest */ = {isa = PBXFileReference; explicitFileType = wrapper.cfbundle; includeInIndex = 0; path = AleatoireTests.xctest; sourceTree = BUILT_PRODUCTS_DIR; };
		36A0FA5A197FB8FD00C5D783 /* Info.plist */ = {isa = PBXFileReference; lastKnownFileType = text.plist.xml; path = Info.plist; sourceTree = "<group>"; };
		36A0FA5B197FB8FD00C5D783 /* AleatoireTests.swift */ = {isa = PBXFileReference; lastKnownFileType = sourcecode.swift; path = AleatoireTests.swift; sourceTree = "<group>"; };
/* End PBXFileReference section */

/* Begin PBXFrameworksBuildPhase section */
		36A0FA40197FB8FD00C5D783 /* Frameworks */ = {
			isa = PBXFrameworksBuildPhase;
			buildActionMask = 2147483647;
			files = (
			);
			runOnlyForDeploymentPostprocessing = 0;
		};
		36A0FA52197FB8FD00C5D783 /* Frameworks */ = {
			isa = PBXFrameworksBuildPhase;
			buildActionMask = 2147483647;
			files = (
			);
			runOnlyForDeploymentPostprocessing = 0;
		};
/* End PBXFrameworksBuildPhase section */

/* Begin PBXGroup section */
		36A0FA3A197FB8FB00C5D783 = {
			isa = PBXGroup;
			children = (
				36A0FA45197FB8FD00C5D783 /* Aleatoire */,
				36A0FA58197FB8FD00C5D783 /* AleatoireTests */,
				36A0FA44197FB8FD00C5D783 /* Products */,
				362264C019852C4900E6B983 /* Aleatoire-Bridging-Header.h */,
			);
			sourceTree = "<group>";
		};
		36A0FA44197FB8FD00C5D783 /* Products */ = {
			isa = PBXGroup;
			children = (
				36A0FA43197FB8FD00C5D783 /* Aleatoire.app */,
				36A0FA55197FB8FD00C5D783 /* AleatoireTests.xctest */,
			);
			name = Products;
			sourceTree = "<group>";
		};
		36A0FA45197FB8FD00C5D783 /* Aleatoire */ = {
			isa = PBXGroup;
			children = (
				36976BE81983E214003AD536 /* Test.playground */,
				36A0FA48197FB8FD00C5D783 /* AppDelegate.swift */,
				36A0FA4A197FB8FD00C5D783 /* ViewController.swift */,
				36124DEB19892593000389DE /* Localizable.strings */,
				362264C119852C4900E6B983 /* MesDonnes.h */,
				362264C219852C4900E6B983 /* MesDonnes.m */,
				36A0FA4C197FB8FD00C5D783 /* Main.storyboard */,
				3605522219853B5A00D057B2 /* ChoixFace.swift */,
				362264C619852FE700E6B983 /* DeA6Faces.swift */,
				362264C81985300B00E6B983 /* DeA8Faces.swift */,
				362264CA1985304600E6B983 /* DeA10Faces.swift */,
				361339501982675D00A11BF9 /* Settings.bundle */,
				36A0FA4F197FB8FD00C5D783 /* Images.xcassets */,
				36A0FA46197FB8FD00C5D783 /* Supporting Files */,
			);
			path = Aleatoire;
			sourceTree = "<group>";
		};
		36A0FA46197FB8FD00C5D783 /* Supporting Files */ = {
			isa = PBXGroup;
			children = (
				364BCF65198928D00024853D /* Info.plist */,
				364BCF63198928810024853D /* InfoPlist.strings */,
			);
			name = "Supporting Files";
			sourceTree = "<group>";
		};
		36A0FA58197FB8FD00C5D783 /* AleatoireTests */ = {
			isa = PBXGroup;
			children = (
				36A0FA5B197FB8FD00C5D783 /* AleatoireTests.swift */,
				36A0FA59197FB8FD00C5D783 /* Supporting Files */,
			);
			path = AleatoireTests;
			sourceTree = "<group>";
		};
		36A0FA59197FB8FD00C5D783 /* Supporting Files */ = {
			isa = PBXGroup;
			children = (
				36A0FA5A197FB8FD00C5D783 /* Info.plist */,
			);
			name = "Supporting Files";
			sourceTree = "<group>";
		};
/* End PBXGroup section */

/* Begin PBXNativeTarget section */
		36A0FA42197FB8FD00C5D783 /* Aleatoire */ = {
			isa = PBXNativeTarget;
			buildConfigurationList = 36A0FA5F197FB8FD00C5D783 /* Build configuration list for PBXNativeTarget "Aleatoire" */;
			buildPhases = (
				36A0FA3F197FB8FD00C5D783 /* Sources */,
				36A0FA40197FB8FD00C5D783 /* Frameworks */,
				36A0FA41197FB8FD00C5D783 /* Resources */,
			);
			buildRules = (
			);
			dependencies = (
			);
			name = Aleatoire;
			productName = Aleatoire;
			productReference = 36A0FA43197FB8FD00C5D783 /* Aleatoire.app */;
			productType = "com.apple.product-type.application";
		};
		36A0FA54197FB8FD00C5D783 /* AleatoireTests */ = {
			isa = PBXNativeTarget;
			buildConfigurationList = 36A0FA62197FB8FD00C5D783 /* Build configuration list for PBXNativeTarget "AleatoireTests" */;
			buildPhases = (
				36A0FA51197FB8FD00C5D783 /* Sources */,
				36A0FA52197FB8FD00C5D783 /* Frameworks */,
				36A0FA53197FB8FD00C5D783 /* Resources */,
			);
			buildRules = (
			);
			dependencies = (
				36A0FA57197FB8FD00C5D783 /* PBXTargetDependency */,
			);
			name = AleatoireTests;
			productName = AleatoireTests;
			productReference = 36A0FA55197FB8FD00C5D783 /* AleatoireTests.xctest */;
			productType = "com.apple.product-type.bundle.unit-test";
		};
/* End PBXNativeTarget section */

/* Begin PBXProject section */
		36A0FA3B197FB8FC00C5D783 /* Project object */ = {
			isa = PBXProject;
			attributes = {
				LastUpgradeCheck = 0600;
				ORGANIZATIONNAME = "Da Costa Faro Rémy";
				TargetAttributes = {
					36A0FA42197FB8FD00C5D783 = {
						CreatedOnToolsVersion = 6.0;
						DevelopmentTeam = 767R4Y4A3U;
					};
					36A0FA54197FB8FD00C5D783 = {
						CreatedOnToolsVersion = 6.0;
						TestTargetID = 36A0FA42197FB8FD00C5D783;
					};
				};
			};
			buildConfigurationList = 36A0FA3E197FB8FC00C5D783 /* Build configuration list for PBXProject "Aleatoire" */;
			compatibilityVersion = "Xcode 3.2";
			developmentRegion = English;
			hasScannedForEncodings = 0;
			knownRegions = (
				en,
				Base,
			);
			mainGroup = 36A0FA3A197FB8FB00C5D783;
			productRefGroup = 36A0FA44197FB8FD00C5D783 /* Products */;
			projectDirPath = "";
			projectRoot = "";
			targets = (
				36A0FA42197FB8FD00C5D783 /* Aleatoire */,
				36A0FA54197FB8FD00C5D783 /* AleatoireTests */,
			);
		};
/* End PBXProject section */

/* Begin PBXResourcesBuildPhase section */
		36A0FA41197FB8FD00C5D783 /* Resources */ = {
			isa = PBXResourcesBuildPhase;
			buildActionMask = 2147483647;
			files = (
				36A0FA4E197FB8FD00C5D783 /* Main.storyboard in Resources */,
				36124DE919892593000389DE /* Localizable.strings in Resources */,
				364BCF66198928D00024853D /* Info.plist in Resources */,
				361339511982675D00A11BF9 /* Settings.bundle in Resources */,
				36A0FA50197FB8FD00C5D783 /* Images.xcassets in Resources */,
				364BCF61198928810024853D /* InfoPlist.strings in Resources */,
			);
			runOnlyForDeploymentPostprocessing = 0;
		};
		36A0FA53197FB8FD00C5D783 /* Resources */ = {
			isa = PBXResourcesBuildPhase;
			buildActionMask = 2147483647;
			files = (
			);
			runOnlyForDeploymentPostprocessing = 0;
		};
/* End PBXResourcesBuildPhase section */

/* Begin PBXSourcesBuildPhase section */
		36A0FA3F197FB8FD00C5D783 /* Sources */ = {
			isa = PBXSourcesBuildPhase;
			buildActionMask = 2147483647;
			files = (
				362264C719852FE700E6B983 /* DeA6Faces.swift in Sources */,
				36A0FA4B197FB8FD00C5D783 /* ViewController.swift in Sources */,
				3605522319853B5A00D057B2 /* ChoixFace.swift in Sources */,
				362264CB1985304600E6B983 /* DeA10Faces.swift in Sources */,
				362264C319852C4900E6B983 /* MesDonnes.m in Sources */,
				36A0FA49197FB8FD00C5D783 /* AppDelegate.swift in Sources */,
				362264C91985300B00E6B983 /* DeA8Faces.swift in Sources */,
			);
			runOnlyForDeploymentPostprocessing = 0;
		};
		36A0FA51197FB8FD00C5D783 /* Sources */ = {
			isa = PBXSourcesBuildPhase;
			buildActionMask = 2147483647;
			files = (
				36A0FA5C197FB8FD00C5D783 /* AleatoireTests.swift in Sources */,
			);
			runOnlyForDeploymentPostprocessing = 0;
		};
/* End PBXSourcesBuildPhase section */

/* Begin PBXTargetDependency section */
		36A0FA57197FB8FD00C5D783 /* PBXTargetDependency */ = {
			isa = PBXTargetDependency;
			target = 36A0FA42197FB8FD00C5D783 /* Aleatoire */;
			targetProxy = 36A0FA56197FB8FD00C5D783 /* PBXContainerItemProxy */;
		};
/* End PBXTargetDependency section */

/* Begin PBXVariantGroup section */
		36124DEB19892593000389DE /* Localizable.strings */ = {
			isa = PBXVariantGroup;
			children = (
				36124DEA19892593000389DE /* Base */,
				36124DEC19892596000389DE /* en */,
			);
			name = Localizable.strings;
			path = aleatoire;
			sourceTree = SOURCE_ROOT;
		};
		364BCF63198928810024853D /* InfoPlist.strings */ = {
			isa = PBXVariantGroup;
			children = (
				364BCF62198928810024853D /* Base */,
				364BCF64198928830024853D /* en */,
			);
			name = InfoPlist.strings;
			path = aleatoire;
			sourceTree = SOURCE_ROOT;
		};
		36A0FA4C197FB8FD00C5D783 /* Main.storyboard */ = {
			isa = PBXVariantGroup;
			children = (
				36A0FA4D197FB8FD00C5D783 /* Base */,
				36124DE619891F83000389DE /* en */,
			);
			name = Main.storyboard;
			sourceTree = "<group>";
		};
/* End PBXVariantGroup section */

/* Begin XCBuildConfiguration section */
		36A0FA5D197FB8FD00C5D783 /* Debug */ = {
			isa = XCBuildConfiguration;
			buildSettings = {
				ALWAYS_SEARCH_USER_PATHS = NO;
				CLANG_CXX_LANGUAGE_STANDARD = "gnu++0x";
				CLANG_CXX_LIBRARY = "libc++";
				CLANG_ENABLE_MODULES = YES;
				CLANG_ENABLE_OBJC_ARC = YES;
				CLANG_WARN_BOOL_CONVERSION = YES;
				CLANG_WARN_CONSTANT_CONVERSION = YES;
				CLANG_WARN_DIRECT_OBJC_ISA_USAGE = YES_ERROR;
				CLANG_WARN_EMPTY_BODY = YES;
				CLANG_WARN_ENUM_CONVERSION = YES;
				CLANG_WARN_INT_CONVERSION = YES;
				CLANG_WARN_OBJC_ROOT_CLASS = YES_ERROR;
				CLANG_WARN_UNREACHABLE_CODE = YES;
				CLANG_WARN__DUPLICATE_METHOD_MATCH = YES;
				"CODE_SIGN_IDENTITY[sdk=iphoneos*]" = "iPhone Developer";
				COPY_PHASE_STRIP = NO;
				ENABLE_STRICT_OBJC_MSGSEND = YES;
				GCC_C_LANGUAGE_STANDARD = gnu99;
				GCC_DYNAMIC_NO_PIC = NO;
				GCC_OPTIMIZATION_LEVEL = 0;
				GCC_PREPROCESSOR_DEFINITIONS = (
					"DEBUG=1",
					"$(inherited)",
				);
				GCC_SYMBOLS_PRIVATE_EXTERN = NO;
				GCC_WARN_64_TO_32_BIT_CONVERSION = YES;
				GCC_WARN_ABOUT_RETURN_TYPE = YES_ERROR;
				GCC_WARN_UNDECLARED_SELECTOR = YES;
				GCC_WARN_UNINITIALIZED_AUTOS = YES_AGGRESSIVE;
				GCC_WARN_UNUSED_FUNCTION = YES;
				GCC_WARN_UNUSED_VARIABLE = YES;
				IPHONEOS_DEPLOYMENT_TARGET = 8.0;
				MTL_ENABLE_DEBUG_INFO = YES;
				ONLY_ACTIVE_ARCH = YES;
				SDKROOT = iphoneos;
				SWIFT_OPTIMIZATION_LEVEL = "-Onone";
			};
			name = Debug;
		};
		36A0FA5E197FB8FD00C5D783 /* Release */ = {
			isa = XCBuildConfiguration;
			buildSettings = {
				ALWAYS_SEARCH_USER_PATHS = NO;
				CLANG_CXX_LANGUAGE_STANDARD = "gnu++0x";
				CLANG_CXX_LIBRARY = "libc++";
				CLANG_ENABLE_MODULES = YES;
				CLANG_ENABLE_OBJC_ARC = YES;
				CLANG_WARN_BOOL_CONVERSION = YES;
				CLANG_WARN_CONSTANT_CONVERSION = YES;
				CLANG_WARN_DIRECT_OBJC_ISA_USAGE = YES_ERROR;
				CLANG_WARN_EMPTY_BODY = YES;
				CLANG_WARN_ENUM_CONVERSION = YES;
				CLANG_WARN_INT_CONVERSION = YES;
				CLANG_WARN_OBJC_ROOT_CLASS = YES_ERROR;
				CLANG_WARN_UNREACHABLE_CODE = YES;
				CLANG_WARN__DUPLICATE_METHOD_MATCH = YES;
				"CODE_SIGN_IDENTITY[sdk=iphoneos*]" = "iPhone Developer";
				COPY_PHASE_STRIP = YES;
				ENABLE_NS_ASSERTIONS = NO;
				ENABLE_STRICT_OBJC_MSGSEND = YES;
				GCC_C_LANGUAGE_STANDARD = gnu99;
				GCC_WARN_64_TO_32_BIT_CONVERSION = YES;
				GCC_WARN_ABOUT_RETURN_TYPE = YES_ERROR;
				GCC_WARN_UNDECLARED_SELECTOR = YES;
				GCC_WARN_UNINITIALIZED_AUTOS = YES_AGGRESSIVE;
				GCC_WARN_UNUSED_FUNCTION = YES;
				GCC_WARN_UNUSED_VARIABLE = YES;
				IPHONEOS_DEPLOYMENT_TARGET = 8.0;
				MTL_ENABLE_DEBUG_INFO = NO;
				SDKROOT = iphoneos;
				VALIDATE_PRODUCT = YES;
			};
			name = Release;
		};
		36A0FA60197FB8FD00C5D783 /* Debug */ = {
			isa = XCBuildConfiguration;
			buildSettings = {
				ASSETCATALOG_COMPILER_APPICON_NAME = AppIcon;
				ASSETCATALOG_COMPILER_LAUNCHIMAGE_NAME = LaunchImage;
				CLANG_ENABLE_MODULES = YES;
				CLANG_ENABLE_OBJC_ARC = NO;
				CODE_SIGN_IDENTITY = "iPhone Developer";
				INFOPLIST_FILE = Aleatoire/Info.plist;
				LD_RUNPATH_SEARCH_PATHS = "$(inherited) @executable_path/Frameworks";
				PRODUCT_NAME = "$(TARGET_NAME)";
				SWIFT_OBJC_BRIDGING_HEADER = "Aleatoire-Bridging-Header.h";
				SWIFT_OPTIMIZATION_LEVEL = "-Onone";
			};
			name = Debug;
		};
		36A0FA61197FB8FD00C5D783 /* Release */ = {
			isa = XCBuildConfiguration;
			buildSettings = {
				ASSETCATALOG_COMPILER_APPICON_NAME = AppIcon;
				ASSETCATALOG_COMPILER_LAUNCHIMAGE_NAME = LaunchImage;
				CLANG_ENABLE_MODULES = YES;
				CLANG_ENABLE_OBJC_ARC = NO;
				CODE_SIGN_IDENTITY = "iPhone Developer";
				INFOPLIST_FILE = Aleatoire/Info.plist;
				LD_RUNPATH_SEARCH_PATHS = "$(inherited) @executable_path/Frameworks";
				PRODUCT_NAME = "$(TARGET_NAME)";
				SWIFT_OBJC_BRIDGING_HEADER = "Aleatoire-Bridging-Header.h";
			};
			name = Release;
		};
		36A0FA63197FB8FD00C5D783 /* Debug */ = {
			isa = XCBuildConfiguration;
			buildSettings = {
				BUNDLE_LOADER = "$(BUILT_PRODUCTS_DIR)/Aleatoire.app/Aleatoire";
				FRAMEWORK_SEARCH_PATHS = (
					"$(SDKROOT)/Developer/Library/Frameworks",
					"$(inherited)",
				);
				GCC_PREPROCESSOR_DEFINITIONS = (
					"DEBUG=1",
					"$(inherited)",
				);
				INFOPLIST_FILE = AleatoireTests/Info.plist;
				LD_RUNPATH_SEARCH_PATHS = "$(inherited) @executable_path/Frameworks @loader_path/Frameworks";
				PRODUCT_NAME = "$(TARGET_NAME)";
				TEST_HOST = "$(BUNDLE_LOADER)";
			};
			name = Debug;
		};
		36A0FA64197FB8FD00C5D783 /* Release */ = {
			isa = XCBuildConfiguration;
			buildSettings = {
				BUNDLE_LOADER = "$(BUILT_PRODUCTS_DIR)/Aleatoire.app/Aleatoire";
				FRAMEWORK_SEARCH_PATHS = (
					"$(SDKROOT)/Developer/Library/Frameworks",
					"$(inherited)",
				);
				INFOPLIST_FILE = AleatoireTests/Info.plist;
				LD_RUNPATH_SEARCH_PATHS = "$(inherited) @executable_path/Frameworks @loader_path/Frameworks";
				PRODUCT_NAME = "$(TARGET_NAME)";
				TEST_HOST = "$(BUNDLE_LOADER)";
			};
			name = Release;
		};
/* End XCBuildConfiguration section */

/* Begin XCConfigurationList section */
		36A0FA3E197FB8FC00C5D783 /* Build configuration list for PBXProject "Aleatoire" */ = {
			isa = XCConfigurationList;
			buildConfigurations = (
				36A0FA5D197FB8FD00C5D783 /* Debug */,
				36A0FA5E197FB8FD00C5D783 /* Release */,
			);
			defaultConfigurationIsVisible = 0;
			defaultConfigurationName = Release;
		};
		36A0FA5F197FB8FD00C5D783 /* Build configuration list for PBXNativeTarget "Aleatoire" */ = {
			isa = XCConfigurationList;
			buildConfigurations = (
				36A0FA60197FB8FD00C5D783 /* Debug */,
				36A0FA61197FB8FD00C5D783 /* Release */,
			);
			defaultConfigurationIsVisible = 0;
			defaultConfigurationName = Release;
		};
		36A0FA62197FB8FD00C5D783 /* Build configuration list for PBXNativeTarget "AleatoireTests" */ = {
			isa = XCConfigurationList;
			buildConfigurations = (
				36A0FA63197FB8FD00C5D783 /* Debug */,
				36A0FA64197FB8FD00C5D783 /* Release */,
			);
			defaultConfigurationIsVisible = 0;
			defaultConfigurationName = Release;
		};
/* End XCConfigurationList section */
	};
	rootObject = 36A0FA3B197FB8FC00C5D783 /* Project object */;
}
